
Microsoft Visual Studio Solution File, Format Version 12.00
# Visual Studio Version 17
VisualStudioVersion = 17.4.33213.308
MinimumVisualStudioVersion = 10.0.40219.1
Project("{FAE04EC0-301F-11D3-BF4B-00C04F79EFBC}") = "Polimorfizm", "Polimorfizm\Polimorfizm.csproj", "{CB420E8B-8DFB-4D10-95EF-A1B806EF229F}"
EndProject
Global
	GlobalSection(SolutionConfigurationPlatforms) = preSolution
		Debug|Any CPU = Debug|Any CPU
		Release|Any CPU = Release|Any CPU
	EndGlobalSection
	GlobalSection(ProjectConfigurationPlatforms) = postSolution
		{CB420E8B-8DFB-4D10-95EF-A1B806EF229F}.Debug|Any CPU.ActiveCfg = Debug|Any CPU
		{CB420E8B-8DFB-4D10-95EF-A1B806EF229F}.Debug|Any CPU.Build.0 = Debug|Any CPU
		{CB420E8B-8DFB-4D10-95EF-A1B806EF229F}.Release|Any CPU.ActiveCfg = Release|Any CPU
		{CB420E8B-8DFB-4D10-95EF-A1B806EF229F}.Release|Any CPU.Build.0 = Release|Any CPU
	EndGlobalSection
	GlobalSection(SolutionProperties) = preSolution
		HideSolutionNode = FALSE
	EndGlobalSection
	GlobalSection(ExtensibilityGlobals) = postSolution
		SolutionGuid = {717FBBB7-7B6A-4000-8353-EF9AFB32D3C6}
	EndGlobalSection
EndGlobal
